
Microsoft Visual Studio Solution File, Format Version 12.00
# Visual Studio Version 16
VisualStudioVersion = 16.0.29424.173
MinimumVisualStudioVersion = 10.0.40219.1
Project("{F184B08F-C81C-45F6-A57F-5ABD9991F28F}") = "Monitoring Penebangan Liar Using GPS", "Monitoring Penebangan Liar Using GPS\Monitoring Penebangan Liar Using GPS.vbproj", "{F60B8D82-DE7F-451F-A9DB-F4FF0613B717}"
EndProject
Global
	GlobalSection(SolutionConfigurationPlatforms) = preSolution
		Debug|Any CPU = Debug|Any CPU
		Release|Any CPU = Release|Any CPU
	EndGlobalSection
	GlobalSection(ProjectConfigurationPlatforms) = postSolution
		{F60B8D82-DE7F-451F-A9DB-F4FF0613B717}.Debug|Any CPU.ActiveCfg = Debug|Any CPU
		{F60B8D82-DE7F-451F-A9DB-F4FF0613B717}.Debug|Any CPU.Build.0 = Debug|Any CPU
		{F60B8D82-DE7F-451F-A9DB-F4FF0613B717}.Release|Any CPU.ActiveCfg = Release|Any CPU
		{F60B8D82-DE7F-451F-A9DB-F4FF0613B717}.Release|Any CPU.Build.0 = Release|Any CPU
	EndGlobalSection
	GlobalSection(SolutionProperties) = preSolution
		HideSolutionNode = FALSE
	EndGlobalSection
	GlobalSection(ExtensibilityGlobals) = postSolution
		SolutionGuid = {F45050F4-5690-4D3F-94CE-CD63B91295FD}
	EndGlobalSection
EndGlobal
